<Solution>
  <Folder Name="/.SolutionItems/">
    <File Path=".editorconfig" />
    <File Path=".gitattributes" />
    <File Path=".gitignore" />
    <File Path="CONTRIBUTING.md" />
    <File Path="README.md" />
  </Folder>
  <Folder Name="/samples/">
    <Project Path="samples/SampleCore/SampleCore.csproj" />
    <Project Path="samples/WebApp/WebApp.csproj" />
    <Project Path="samples/WorkerService/WorkerService.csproj" />
  </Folder>
  <Folder Name="/src/">
    <Project Path="src/Softoverse.EventBus.InMemory/Softoverse.EventBus.InMemory.csproj" />
  </Folder>
  <Folder Name="/tests/">
    <Project Path="tests/EventBus.InMemory.Tests/EventBus.InMemory.Tests.csproj" />
  </Folder>
</Solution>
