<Solution>
  <Folder Name="/.SolutionItems/">
    <File Path=".editorconfig" />
    <File Path=".gitattributes" />
    <File Path=".gitignore" />
    <File Path="CONTRIBUTING.md" />
    <File Path="README.md" />
  </Folder>
  <Folder Name="/src/">
    <Project Path="src/Softoverse.EventBus.InMemory/Softoverse.EventBus.InMemory.csproj" />
  </Folder>
</Solution>
